
Microsoft Visual Studio Solution File, Format Version 12.00
# Visual Studio Version 17
VisualStudioVersion = 17.6.33513.286
MinimumVisualStudioVersion = 10.0.40219.1
Project("{9A19103F-16F7-4668-BE54-9A1E7A4F7556}") = "ECommons", "ECommons\ECommons\ECommons.csproj", "{50DD7BC8-F090-49E8-BE4E-2FB86CA78AA7}"
EndProject
Project("{9A19103F-16F7-4668-BE54-9A1E7A4F7556}") = "ClickLib", "ClickLib\ClickLib\ClickLib.csproj", "{046A9762-FAF7-4073-9E8A-D1CFA768B80E}"
EndProject
Project("{9A19103F-16F7-4668-BE54-9A1E7A4F7556}") = "YesAlready", "YesAlready\YesAlready.csproj", "{DAA660F8-DB97-4FC2-8453-8B36E9F0D6A7}"
EndProject
Global
	GlobalSection(SolutionConfigurationPlatforms) = preSolution
		Debug|x64 = Debug|x64
		Release|x64 = Release|x64
	EndGlobalSection
	GlobalSection(ProjectConfigurationPlatforms) = postSolution
		{50DD7BC8-F090-49E8-BE4E-2FB86CA78AA7}.Debug|x64.ActiveCfg = Debug|x64
		{50DD7BC8-F090-49E8-BE4E-2FB86CA78AA7}.Debug|x64.Build.0 = Debug|x64
		{50DD7BC8-F090-49E8-BE4E-2FB86CA78AA7}.Release|x64.ActiveCfg = Release|x64
		{50DD7BC8-F090-49E8-BE4E-2FB86CA78AA7}.Release|x64.Build.0 = Release|x64
		{046A9762-FAF7-4073-9E8A-D1CFA768B80E}.Debug|x64.ActiveCfg = Debug|x64
		{046A9762-FAF7-4073-9E8A-D1CFA768B80E}.Debug|x64.Build.0 = Debug|x64
		{046A9762-FAF7-4073-9E8A-D1CFA768B80E}.Release|x64.ActiveCfg = Release|x64
		{046A9762-FAF7-4073-9E8A-D1CFA768B80E}.Release|x64.Build.0 = Release|x64
		{DAA660F8-DB97-4FC2-8453-8B36E9F0D6A7}.Debug|x64.ActiveCfg = Debug|x64
		{DAA660F8-DB97-4FC2-8453-8B36E9F0D6A7}.Debug|x64.Build.0 = Debug|x64
		{DAA660F8-DB97-4FC2-8453-8B36E9F0D6A7}.Release|x64.ActiveCfg = Release|x64
		{DAA660F8-DB97-4FC2-8453-8B36E9F0D6A7}.Release|x64.Build.0 = Release|x64
	EndGlobalSection
	GlobalSection(SolutionProperties) = preSolution
		HideSolutionNode = FALSE
	EndGlobalSection
	GlobalSection(ExtensibilityGlobals) = postSolution
		SolutionGuid = {B17E85B1-5F60-4440-9F9A-3DDE877E8CDF}
	EndGlobalSection
EndGlobal
