
Microsoft Visual Studio Solution File, Format Version 12.00
# Visual Studio Version 16
VisualStudioVersion = 16.0.31105.61
MinimumVisualStudioVersion = 10.0.40219.1
Project("{9A19103F-16F7-4668-BE54-9A1E7A4F7556}") = "YesAlready", "YesAlready\YesAlready.csproj", "{151006FE-161B-478D-BA72-479DFBF4BE7A}"
EndProject
Project("{2150E333-8FDC-42A3-9474-1A3956D46DE8}") = "Github Actions", "Github Actions", "{5996E313-C69E-4D3E-A6B7-8EE5F8562ED9}"
	ProjectSection(SolutionItems) = preProject
		.github\workflows\build.yml = .github\workflows\build.yml
	EndProjectSection
EndProject
Project("{2150E333-8FDC-42A3-9474-1A3956D46DE8}") = "Solution Items", "Solution Items", "{74CAD19F-CA68-44F6-9F50-1F6BB1242F09}"
	ProjectSection(SolutionItems) = preProject
		.editorconfig = .editorconfig
		.gitignore = .gitignore
		README.md = README.md
	EndProjectSection
EndProject
Project("{9A19103F-16F7-4668-BE54-9A1E7A4F7556}") = "FFXIVClientStructs", "lib\FFXIVClientStructs\FFXIVClientStructs.csproj", "{68A5EDCF-3C60-44D1-B8E2-4E50D2279711}"
EndProject
Project("{9A19103F-16F7-4668-BE54-9A1E7A4F7556}") = "ClickLib", "lib\ClickLib\ClickLib\ClickLib.csproj", "{029CD692-00EF-4B95-B140-6BEEE9660480}"
EndProject
Global
	GlobalSection(SolutionConfigurationPlatforms) = preSolution
		Debug|Any CPU = Debug|Any CPU
		Release|Any CPU = Release|Any CPU
	EndGlobalSection
	GlobalSection(ProjectConfigurationPlatforms) = postSolution
		{151006FE-161B-478D-BA72-479DFBF4BE7A}.Debug|Any CPU.ActiveCfg = Debug|Any CPU
		{151006FE-161B-478D-BA72-479DFBF4BE7A}.Debug|Any CPU.Build.0 = Debug|Any CPU
		{151006FE-161B-478D-BA72-479DFBF4BE7A}.Release|Any CPU.ActiveCfg = Release|Any CPU
		{151006FE-161B-478D-BA72-479DFBF4BE7A}.Release|Any CPU.Build.0 = Release|Any CPU
		{68A5EDCF-3C60-44D1-B8E2-4E50D2279711}.Debug|Any CPU.ActiveCfg = Debug|Any CPU
		{68A5EDCF-3C60-44D1-B8E2-4E50D2279711}.Debug|Any CPU.Build.0 = Debug|Any CPU
		{68A5EDCF-3C60-44D1-B8E2-4E50D2279711}.Release|Any CPU.ActiveCfg = Release|Any CPU
		{68A5EDCF-3C60-44D1-B8E2-4E50D2279711}.Release|Any CPU.Build.0 = Release|Any CPU
		{029CD692-00EF-4B95-B140-6BEEE9660480}.Debug|Any CPU.ActiveCfg = Debug|Any CPU
		{029CD692-00EF-4B95-B140-6BEEE9660480}.Debug|Any CPU.Build.0 = Debug|Any CPU
		{029CD692-00EF-4B95-B140-6BEEE9660480}.Release|Any CPU.ActiveCfg = Release|Any CPU
		{029CD692-00EF-4B95-B140-6BEEE9660480}.Release|Any CPU.Build.0 = Release|Any CPU
	EndGlobalSection
	GlobalSection(SolutionProperties) = preSolution
		HideSolutionNode = FALSE
	EndGlobalSection
	GlobalSection(ExtensibilityGlobals) = postSolution
		SolutionGuid = {0BCA4E0B-8DA6-44FE-8A3F-E0E7BA1725FE}
	EndGlobalSection
EndGlobal
